// !$*UTF8*$!
{
	archiveVersion = 1;
	classes = {
	};
	objectVersion = 50;
	objects = {

/* Begin PBXBuildFile section */
		640B933C24EC7F7C004815CF /* AppDelegate.swift in Sources */ = {isa = PBXBuildFile; fileRef = 640B933B24EC7F7C004815CF /* AppDelegate.swift */; };
		640B933E24EC7F7C004815CF /* SceneDelegate.swift in Sources */ = {isa = PBXBuildFile; fileRef = 640B933D24EC7F7C004815CF /* SceneDelegate.swift */; };
		640B934024EC7F7C004815CF /* ContentView.swift in Sources */ = {isa = PBXBuildFile; fileRef = 640B933F24EC7F7C004815CF /* ContentView.swift */; };
		640B934224EC7F7E004815CF /* Assets.xcassets in Resources */ = {isa = PBXBuildFile; fileRef = 640B934124EC7F7E004815CF /* Assets.xcassets */; };
		640B934524EC7F7E004815CF /* Preview Assets.xcassets in Resources */ = {isa = PBXBuildFile; fileRef = 640B934424EC7F7E004815CF /* Preview Assets.xcassets */; };
		640B934824EC7F7E004815CF /* LaunchScreen.storyboard in Resources */ = {isa = PBXBuildFile; fileRef = 640B934624EC7F7E004815CF /* LaunchScreen.storyboard */; };
		640B935124EC821F004815CF /* NavigationView.swift in Sources */ = {isa = PBXBuildFile; fileRef = 640B935024EC821F004815CF /* NavigationView.swift */; };
		640B935324EC84B5004815CF /* MenuView.swift in Sources */ = {isa = PBXBuildFile; fileRef = 640B935224EC84B5004815CF /* MenuView.swift */; };
		640B935524EC864A004815CF /* CardView.swift in Sources */ = {isa = PBXBuildFile; fileRef = 640B935424EC864A004815CF /* CardView.swift */; };
		640B935724EC868C004815CF /* CategoriesView.swift in Sources */ = {isa = PBXBuildFile; fileRef = 640B935624EC868C004815CF /* CategoriesView.swift */; };
		640B935924EC90AE004815CF /* README.md in Resources */ = {isa = PBXBuildFile; fileRef = 640B935824EC90AE004815CF /* README.md */; };
/* End PBXBuildFile section */

/* Begin PBXFileReference section */
		640B933824EC7F7C004815CF /* PaymentsAppUIDesign.app */ = {isa = PBXFileReference; explicitFileType = wrapper.application; includeInIndex = 0; path = PaymentsAppUIDesign.app; sourceTree = BUILT_PRODUCTS_DIR; };
		640B933B24EC7F7C004815CF /* AppDelegate.swift */ = {isa = PBXFileReference; lastKnownFileType = sourcecode.swift; path = AppDelegate.swift; sourceTree = "<group>"; };
		640B933D24EC7F7C004815CF /* SceneDelegate.swift */ = {isa = PBXFileReference; lastKnownFileType = sourcecode.swift; path = SceneDelegate.swift; sourceTree = "<group>"; };
		640B933F24EC7F7C004815CF /* ContentView.swift */ = {isa = PBXFileReference; lastKnownFileType = sourcecode.swift; path = ContentView.swift; sourceTree = "<group>"; };
		640B934124EC7F7E004815CF /* Assets.xcassets */ = {isa = PBXFileReference; lastKnownFileType = folder.assetcatalog; path = Assets.xcassets; sourceTree = "<group>"; };
		640B934424EC7F7E004815CF /* Preview Assets.xcassets */ = {isa = PBXFileReference; lastKnownFileType = folder.assetcatalog; path = "Preview Assets.xcassets"; sourceTree = "<group>"; };
		640B934724EC7F7E004815CF /* Base */ = {isa = PBXFileReference; lastKnownFileType = file.storyboard; name = Base; path = Base.lproj/LaunchScreen.storyboard; sourceTree = "<group>"; };
		640B934924EC7F7E004815CF /* Info.plist */ = {isa = PBXFileReference; lastKnownFileType = text.plist.xml; path = Info.plist; sourceTree = "<group>"; };
		640B935024EC821F004815CF /* NavigationView.swift */ = {isa = PBXFileReference; lastKnownFileType = sourcecode.swift; path = NavigationView.swift; sourceTree = "<group>"; };
		640B935224EC84B5004815CF /* MenuView.swift */ = {isa = PBXFileReference; lastKnownFileType = sourcecode.swift; path = MenuView.swift; sourceTree = "<group>"; };
		640B935424EC864A004815CF /* CardView.swift */ = {isa = PBXFileReference; lastKnownFileType = sourcecode.swift; path = CardView.swift; sourceTree = SOURCE_ROOT; };
		640B935624EC868C004815CF /* CategoriesView.swift */ = {isa = PBXFileReference; lastKnownFileType = sourcecode.swift; path = CategoriesView.swift; sourceTree = "<group>"; };
		640B935824EC90AE004815CF /* README.md */ = {isa = PBXFileReference; lastKnownFileType = net.daringfireball.markdown; path = README.md; sourceTree = "<group>"; };
/* End PBXFileReference section */

/* Begin PBXFrameworksBuildPhase section */
		640B933524EC7F7C004815CF /* Frameworks */ = {
			isa = PBXFrameworksBuildPhase;
			buildActionMask = 2147483647;
			files = (
			);
			runOnlyForDeploymentPostprocessing = 0;
		};
/* End PBXFrameworksBuildPhase section */

/* Begin PBXGroup section */
		640B932F24EC7F7C004815CF = {
			isa = PBXGroup;
			children = (
				640B935824EC90AE004815CF /* README.md */,
				640B933A24EC7F7C004815CF /* PaymentsAppUIDesign */,
				640B933924EC7F7C004815CF /* Products */,
			);
			sourceTree = "<group>";
		};
		640B933924EC7F7C004815CF /* Products */ = {
			isa = PBXGroup;
			children = (
				640B933824EC7F7C004815CF /* PaymentsAppUIDesign.app */,
			);
			name = Products;
			sourceTree = "<group>";
		};
		640B933A24EC7F7C004815CF /* PaymentsAppUIDesign */ = {
			isa = PBXGroup;
			children = (
				640B933B24EC7F7C004815CF /* AppDelegate.swift */,
				640B933D24EC7F7C004815CF /* SceneDelegate.swift */,
				640B934F24EC8211004815CF /* Views */,
				640B933F24EC7F7C004815CF /* ContentView.swift */,
				640B934124EC7F7E004815CF /* Assets.xcassets */,
				640B934624EC7F7E004815CF /* LaunchScreen.storyboard */,
				640B934924EC7F7E004815CF /* Info.plist */,
				640B934324EC7F7E004815CF /* Preview Content */,
			);
			path = PaymentsAppUIDesign;
			sourceTree = "<group>";
		};
		640B934324EC7F7E004815CF /* Preview Content */ = {
			isa = PBXGroup;
			children = (
				640B934424EC7F7E004815CF /* Preview Assets.xcassets */,
			);
			path = "Preview Content";
			sourceTree = "<group>";
		};
		640B934F24EC8211004815CF /* Views */ = {
			isa = PBXGroup;
			children = (
				640B935424EC864A004815CF /* CardView.swift */,
				640B935624EC868C004815CF /* CategoriesView.swift */,
				640B935024EC821F004815CF /* NavigationView.swift */,
				640B935224EC84B5004815CF /* MenuView.swift */,
			);
			path = Views;
			sourceTree = "<group>";
		};
/* End PBXGroup section */

/* Begin PBXNativeTarget section */
		640B933724EC7F7C004815CF /* PaymentsAppUIDesign */ = {
			isa = PBXNativeTarget;
			buildConfigurationList = 640B934C24EC7F7E004815CF /* Build configuration list for PBXNativeTarget "PaymentsAppUIDesign" */;
			buildPhases = (
				640B933424EC7F7C004815CF /* Sources */,
				640B933524EC7F7C004815CF /* Frameworks */,
				640B933624EC7F7C004815CF /* Resources */,
			);
			buildRules = (
			);
			dependencies = (
			);
			name = PaymentsAppUIDesign;
			productName = PaymentsAppUIDesign;
			productReference = 640B933824EC7F7C004815CF /* PaymentsAppUIDesign.app */;
			productType = "com.apple.product-type.application";
		};
/* End PBXNativeTarget section */

/* Begin PBXProject section */
		640B933024EC7F7C004815CF /* Project object */ = {
			isa = PBXProject;
			attributes = {
				LastSwiftUpdateCheck = 1160;
				LastUpgradeCheck = 1160;
				ORGANIZATIONNAME = "Raphael Cerqueira";
				TargetAttributes = {
					640B933724EC7F7C004815CF = {
						CreatedOnToolsVersion = 11.6;
					};
				};
			};
			buildConfigurationList = 640B933324EC7F7C004815CF /* Build configuration list for PBXProject "PaymentsAppUIDesign" */;
			compatibilityVersion = "Xcode 9.3";
			developmentRegion = en;
			hasScannedForEncodings = 0;
			knownRegions = (
				en,
				Base,
			);
			mainGroup = 640B932F24EC7F7C004815CF;
			productRefGroup = 640B933924EC7F7C004815CF /* Products */;
			projectDirPath = "";
			projectRoot = "";
			targets = (
				640B933724EC7F7C004815CF /* PaymentsAppUIDesign */,
			);
		};
/* End PBXProject section */

/* Begin PBXResourcesBuildPhase section */
		640B933624EC7F7C004815CF /* Resources */ = {
			isa = PBXResourcesBuildPhase;
			buildActionMask = 2147483647;
			files = (
				640B934824EC7F7E004815CF /* LaunchScreen.storyboard in Resources */,
				640B934524EC7F7E004815CF /* Preview Assets.xcassets in Resources */,
				640B935924EC90AE004815CF /* README.md in Resources */,
				640B934224EC7F7E004815CF /* Assets.xcassets in Resources */,
			);
			runOnlyForDeploymentPostprocessing = 0;
		};
/* End PBXResourcesBuildPhase section */

/* Begin PBXSourcesBuildPhase section */
		640B933424EC7F7C004815CF /* Sources */ = {
			isa = PBXSourcesBuildPhase;
			buildActionMask = 2147483647;
			files = (
				640B935324EC84B5004815CF /* MenuView.swift in Sources */,
				640B935724EC868C004815CF /* CategoriesView.swift in Sources */,
				640B933C24EC7F7C004815CF /* AppDelegate.swift in Sources */,
				640B933E24EC7F7C004815CF /* SceneDelegate.swift in Sources */,
				640B935124EC821F004815CF /* NavigationView.swift in Sources */,
				640B935524EC864A004815CF /* CardView.swift in Sources */,
				640B934024EC7F7C004815CF /* ContentView.swift in Sources */,
			);
			runOnlyForDeploymentPostprocessing = 0;
		};
/* End PBXSourcesBuildPhase section */

/* Begin PBXVariantGroup section */
		640B934624EC7F7E004815CF /* LaunchScreen.storyboard */ = {
			isa = PBXVariantGroup;
			children = (
				640B934724EC7F7E004815CF /* Base */,
			);
			name = LaunchScreen.storyboard;
			sourceTree = "<group>";
		};
/* End PBXVariantGroup section */

/* Begin XCBuildConfiguration section */
		640B934A24EC7F7E004815CF /* Debug */ = {
			isa = XCBuildConfiguration;
			buildSettings = {
				ALWAYS_SEARCH_USER_PATHS = NO;
				CLANG_ANALYZER_NONNULL = YES;
				CLANG_ANALYZER_NUMBER_OBJECT_CONVERSION = YES_AGGRESSIVE;
				CLANG_CXX_LANGUAGE_STANDARD = "gnu++14";
				CLANG_CXX_LIBRARY = "libc++";
				CLANG_ENABLE_MODULES = YES;
				CLANG_ENABLE_OBJC_ARC = YES;
				CLANG_ENABLE_OBJC_WEAK = YES;
				CLANG_WARN_BLOCK_CAPTURE_AUTORELEASING = YES;
				CLANG_WARN_BOOL_CONVERSION = YES;
				CLANG_WARN_COMMA = YES;
				CLANG_WARN_CONSTANT_CONVERSION = YES;
				CLANG_WARN_DEPRECATED_OBJC_IMPLEMENTATIONS = YES;
				CLANG_WARN_DIRECT_OBJC_ISA_USAGE = YES_ERROR;
				CLANG_WARN_DOCUMENTATION_COMMENTS = YES;
				CLANG_WARN_EMPTY_BODY = YES;
				CLANG_WARN_ENUM_CONVERSION = YES;
				CLANG_WARN_INFINITE_RECURSION = YES;
				CLANG_WARN_INT_CONVERSION = YES;
				CLANG_WARN_NON_LITERAL_NULL_CONVERSION = YES;
				CLANG_WARN_OBJC_IMPLICIT_RETAIN_SELF = YES;
				CLANG_WARN_OBJC_LITERAL_CONVERSION = YES;
				CLANG_WARN_OBJC_ROOT_CLASS = YES_ERROR;
				CLANG_WARN_RANGE_LOOP_ANALYSIS = YES;
				CLANG_WARN_STRICT_PROTOTYPES = YES;
				CLANG_WARN_SUSPICIOUS_MOVE = YES;
				CLANG_WARN_UNGUARDED_AVAILABILITY = YES_AGGRESSIVE;
				CLANG_WARN_UNREACHABLE_CODE = YES;
				CLANG_WARN__DUPLICATE_METHOD_MATCH = YES;
				COPY_PHASE_STRIP = NO;
				DEBUG_INFORMATION_FORMAT = dwarf;
				ENABLE_STRICT_OBJC_MSGSEND = YES;
				ENABLE_TESTABILITY = YES;
				GCC_C_LANGUAGE_STANDARD = gnu11;
				GCC_DYNAMIC_NO_PIC = NO;
				GCC_NO_COMMON_BLOCKS = YES;
				GCC_OPTIMIZATION_LEVEL = 0;
				GCC_PREPROCESSOR_DEFINITIONS = (
					"DEBUG=1",
					"$(inherited)",
				);
				GCC_WARN_64_TO_32_BIT_CONVERSION = YES;
				GCC_WARN_ABOUT_RETURN_TYPE = YES_ERROR;
				GCC_WARN_UNDECLARED_SELECTOR = YES;
				GCC_WARN_UNINITIALIZED_AUTOS = YES_AGGRESSIVE;
				GCC_WARN_UNUSED_FUNCTION = YES;
				GCC_WARN_UNUSED_VARIABLE = YES;
				IPHONEOS_DEPLOYMENT_TARGET = 13.6;
				MTL_ENABLE_DEBUG_INFO = INCLUDE_SOURCE;
				MTL_FAST_MATH = YES;
				ONLY_ACTIVE_ARCH = YES;
				SDKROOT = iphoneos;
				SWIFT_ACTIVE_COMPILATION_CONDITIONS = DEBUG;
				SWIFT_OPTIMIZATION_LEVEL = "-Onone";
			};
			name = Debug;
		};
		640B934B24EC7F7E004815CF /* Release */ = {
			isa = XCBuildConfiguration;
			buildSettings = {
				ALWAYS_SEARCH_USER_PATHS = NO;
				CLANG_ANALYZER_NONNULL = YES;
				CLANG_ANALYZER_NUMBER_OBJECT_CONVERSION = YES_AGGRESSIVE;
				CLANG_CXX_LANGUAGE_STANDARD = "gnu++14";
				CLANG_CXX_LIBRARY = "libc++";
				CLANG_ENABLE_MODULES = YES;
				CLANG_ENABLE_OBJC_ARC = YES;
				CLANG_ENABLE_OBJC_WEAK = YES;
				CLANG_WARN_BLOCK_CAPTURE_AUTORELEASING = YES;
				CLANG_WARN_BOOL_CONVERSION = YES;
				CLANG_WARN_COMMA = YES;
				CLANG_WARN_CONSTANT_CONVERSION = YES;
				CLANG_WARN_DEPRECATED_OBJC_IMPLEMENTATIONS = YES;
				CLANG_WARN_DIRECT_OBJC_ISA_USAGE = YES_ERROR;
				CLANG_WARN_DOCUMENTATION_COMMENTS = YES;
				CLANG_WARN_EMPTY_BODY = YES;
				CLANG_WARN_ENUM_CONVERSION = YES;
				CLANG_WARN_INFINITE_RECURSION = YES;
				CLANG_WARN_INT_CONVERSION = YES;
				CLANG_WARN_NON_LITERAL_NULL_CONVERSION = YES;
				CLANG_WARN_OBJC_IMPLICIT_RETAIN_SELF = YES;
				CLANG_WARN_OBJC_LITERAL_CONVERSION = YES;
				CLANG_WARN_OBJC_ROOT_CLASS = YES_ERROR;
				CLANG_WARN_RANGE_LOOP_ANALYSIS = YES;
				CLANG_WARN_STRICT_PROTOTYPES = YES;
				CLANG_WARN_SUSPICIOUS_MOVE = YES;
				CLANG_WARN_UNGUARDED_AVAILABILITY = YES_AGGRESSIVE;
				CLANG_WARN_UNREACHABLE_CODE = YES;
				CLANG_WARN__DUPLICATE_METHOD_MATCH = YES;
				COPY_PHASE_STRIP = NO;
				DEBUG_INFORMATION_FORMAT = "dwarf-with-dsym";
				ENABLE_NS_ASSERTIONS = NO;
				ENABLE_STRICT_OBJC_MSGSEND = YES;
				GCC_C_LANGUAGE_STANDARD = gnu11;
				GCC_NO_COMMON_BLOCKS = YES;
				GCC_WARN_64_TO_32_BIT_CONVERSION = YES;
				GCC_WARN_ABOUT_RETURN_TYPE = YES_ERROR;
				GCC_WARN_UNDECLARED_SELECTOR = YES;
				GCC_WARN_UNINITIALIZED_AUTOS = YES_AGGRESSIVE;
				GCC_WARN_UNUSED_FUNCTION = YES;
				GCC_WARN_UNUSED_VARIABLE = YES;
				IPHONEOS_DEPLOYMENT_TARGET = 13.6;
				MTL_ENABLE_DEBUG_INFO = NO;
				MTL_FAST_MATH = YES;
				SDKROOT = iphoneos;
				SWIFT_COMPILATION_MODE = wholemodule;
				SWIFT_OPTIMIZATION_LEVEL = "-O";
				VALIDATE_PRODUCT = YES;
			};
			name = Release;
		};
		640B934D24EC7F7E004815CF /* Debug */ = {
			isa = XCBuildConfiguration;
			buildSettings = {
				ASSETCATALOG_COMPILER_APPICON_NAME = AppIcon;
				CODE_SIGN_STYLE = Automatic;
				DEVELOPMENT_ASSET_PATHS = "\"PaymentsAppUIDesign/Preview Content\"";
				ENABLE_PREVIEWS = YES;
				INFOPLIST_FILE = PaymentsAppUIDesign/Info.plist;
				LD_RUNPATH_SEARCH_PATHS = (
					"$(inherited)",
					"@executable_path/Frameworks",
				);
				PRODUCT_BUNDLE_IDENTIFIER = io.github.rphlfc.PaymentsAppUIDesign;
				PRODUCT_NAME = "$(TARGET_NAME)";
				SWIFT_VERSION = 5.0;
				TARGETED_DEVICE_FAMILY = "1,2";
			};
			name = Debug;
		};
		640B934E24EC7F7E004815CF /* Release */ = {
			isa = XCBuildConfiguration;
			buildSettings = {
				ASSETCATALOG_COMPILER_APPICON_NAME = AppIcon;
				CODE_SIGN_STYLE = Automatic;
				DEVELOPMENT_ASSET_PATHS = "\"PaymentsAppUIDesign/Preview Content\"";
				ENABLE_PREVIEWS = YES;
				INFOPLIST_FILE = PaymentsAppUIDesign/Info.plist;
				LD_RUNPATH_SEARCH_PATHS = (
					"$(inherited)",
					"@executable_path/Frameworks",
				);
				PRODUCT_BUNDLE_IDENTIFIER = io.github.rphlfc.PaymentsAppUIDesign;
				PRODUCT_NAME = "$(TARGET_NAME)";
				SWIFT_VERSION = 5.0;
				TARGETED_DEVICE_FAMILY = "1,2";
			};
			name = Release;
		};
/* End XCBuildConfiguration section */

/* Begin XCConfigurationList section */
		640B933324EC7F7C004815CF /* Build configuration list for PBXProject "PaymentsAppUIDesign" */ = {
			isa = XCConfigurationList;
			buildConfigurations = (
				640B934A24EC7F7E004815CF /* Debug */,
				640B934B24EC7F7E004815CF /* Release */,
			);
			defaultConfigurationIsVisible = 0;
			defaultConfigurationName = Release;
		};
		640B934C24EC7F7E004815CF /* Build configuration list for PBXNativeTarget "PaymentsAppUIDesign" */ = {
			isa = XCConfigurationList;
			buildConfigurations = (
				640B934D24EC7F7E004815CF /* Debug */,
				640B934E24EC7F7E004815CF /* Release */,
			);
			defaultConfigurationIsVisible = 0;
			defaultConfigurationName = Release;
		};
/* End XCConfigurationList section */
	};
	rootObject = 640B933024EC7F7C004815CF /* Project object */;
}
